
Microsoft Visual Studio Solution File, Format Version 12.00
# Visual Studio 15
VisualStudioVersion = 15.0.28010.0
MinimumVisualStudioVersion = 10.0.40219.1
Project("{9A19103F-16F7-4668-BE54-9A1E7A4F7556}") = "IdentityServer", "IdentityServer\IdentityServer.csproj", "{71B2352D-8722-4ECE-B54A-73D4DCDA1CD1}"
EndProject
Project("{9A19103F-16F7-4668-BE54-9A1E7A4F7556}") = "Client", "Client\Client.csproj", "{8F8BD32B-E258-4EB3-B68F-35A36650E709}"
EndProject
Project("{9A19103F-16F7-4668-BE54-9A1E7A4F7556}") = "JavascriptClient", "JavascriptClient\JavascriptClient.csproj", "{66E27500-B805-4D2D-9651-C52971F75CB4}"
EndProject
Project("{9A19103F-16F7-4668-BE54-9A1E7A4F7556}") = "ResourceOwnerClient", "ResourceOwnerClient\ResourceOwnerClient.csproj", "{0D68A675-AEE4-452B-B9B8-9EE6A86C7FBB}"
EndProject
Project("{9A19103F-16F7-4668-BE54-9A1E7A4F7556}") = "WebAPI", "WebAPI\WebAPI.csproj", "{ED4AD10B-F534-4FF8-B6B9-4B279105E6F5}"
EndProject
Project("{9A19103F-16F7-4668-BE54-9A1E7A4F7556}") = "WebClient", "WebClient\WebClient.csproj", "{889D5F43-8201-496D-8782-D6F86C8B23E4}"
EndProject
Project("{2150E333-8FDC-42A3-9474-1A3956D46DE8}") = "Data", "Data", "{ED739766-2880-48C7-B0FC-8FB4F77B7918}"
EndProject
Project("{9A19103F-16F7-4668-BE54-9A1E7A4F7556}") = "Entity", "Entity\Entity.csproj", "{F64BC3A0-9941-4911-A626-79B9E05538A7}"
EndProject
Project("{9A19103F-16F7-4668-BE54-9A1E7A4F7556}") = "Domain", "Domain\Domain.csproj", "{87EE8633-F8E1-4BC8-AF02-FAE675F00B10}"
EndProject
Project("{9A19103F-16F7-4668-BE54-9A1E7A4F7556}") = "Repository", "Repository\Repository.csproj", "{852504EA-E74E-4C70-9891-B56AF50C6CAD}"
EndProject
Project("{9A19103F-16F7-4668-BE54-9A1E7A4F7556}") = "DomainSample", "DomainSample\DomainSample.csproj", "{DD9DD8BC-FBBD-40FC-A4BB-B48679F73F03}"
EndProject
Project("{2150E333-8FDC-42A3-9474-1A3956D46DE8}") = "Common", "Common", "{2C4660CF-D7D0-44E7-8998-DA5DF3575E6D}"
EndProject
Project("{9A19103F-16F7-4668-BE54-9A1E7A4F7556}") = "Util", "Util\Util.csproj", "{825FDFD2-8BE1-4CDD-86D1-EF65F734CF77}"
EndProject
Project("{9A19103F-16F7-4668-BE54-9A1E7A4F7556}") = "DbMigration", "DbMigration\DbMigration.csproj", "{48D4C0DD-2CB5-4DDC-8C99-7862B8198253}"
EndProject
Project("{9A19103F-16F7-4668-BE54-9A1E7A4F7556}") = "EntityFrameworkCore.Extensions", "EntityFrameworkCore.Extensions\EntityFrameworkCore.Extensions.csproj", "{7E7DAED1-B98D-4C26-BCDB-DF0F67BAB8ED}"
EndProject
Project("{9A19103F-16F7-4668-BE54-9A1E7A4F7556}") = "Domain.EntityFrameworkCore", "Domain.EntityFrameworkCore\Domain.EntityFrameworkCore.csproj", "{388C3474-9930-4A06-8667-6D169D8F87FD}"
EndProject
Project("{9A19103F-16F7-4668-BE54-9A1E7A4F7556}") = "WebApplication1", "WebApplication1\WebApplication1.csproj", "{231AAA88-BC2A-465E-AAC9-AE238C1B3BCA}"
EndProject
Project("{9A19103F-16F7-4668-BE54-9A1E7A4F7556}") = "EntityHistoryMQReceive", "RabbitMQReceive\EntityHistoryMQReceive.csproj", "{1C983BEA-0D75-4455-BF48-253899147E69}"
EndProject
Project("{9A19103F-16F7-4668-BE54-9A1E7A4F7556}") = "Extensions.Logging.File", "Extensions.Logging.File\Extensions.Logging.File.csproj", "{FF61A6D0-D6EA-4CCE-BD2E-4C447BF07F02}"
EndProject
Global
	GlobalSection(SolutionConfigurationPlatforms) = preSolution
		Debug|Any CPU = Debug|Any CPU
		Release|Any CPU = Release|Any CPU
	EndGlobalSection
	GlobalSection(ProjectConfigurationPlatforms) = postSolution
		{71B2352D-8722-4ECE-B54A-73D4DCDA1CD1}.Debug|Any CPU.ActiveCfg = Debug|Any CPU
		{71B2352D-8722-4ECE-B54A-73D4DCDA1CD1}.Debug|Any CPU.Build.0 = Debug|Any CPU
		{71B2352D-8722-4ECE-B54A-73D4DCDA1CD1}.Release|Any CPU.ActiveCfg = Release|Any CPU
		{71B2352D-8722-4ECE-B54A-73D4DCDA1CD1}.Release|Any CPU.Build.0 = Release|Any CPU
		{8F8BD32B-E258-4EB3-B68F-35A36650E709}.Debug|Any CPU.ActiveCfg = Debug|Any CPU
		{8F8BD32B-E258-4EB3-B68F-35A36650E709}.Debug|Any CPU.Build.0 = Debug|Any CPU
		{8F8BD32B-E258-4EB3-B68F-35A36650E709}.Release|Any CPU.ActiveCfg = Release|Any CPU
		{8F8BD32B-E258-4EB3-B68F-35A36650E709}.Release|Any CPU.Build.0 = Release|Any CPU
		{66E27500-B805-4D2D-9651-C52971F75CB4}.Debug|Any CPU.ActiveCfg = Debug|Any CPU
		{66E27500-B805-4D2D-9651-C52971F75CB4}.Debug|Any CPU.Build.0 = Debug|Any CPU
		{66E27500-B805-4D2D-9651-C52971F75CB4}.Release|Any CPU.ActiveCfg = Release|Any CPU
		{66E27500-B805-4D2D-9651-C52971F75CB4}.Release|Any CPU.Build.0 = Release|Any CPU
		{0D68A675-AEE4-452B-B9B8-9EE6A86C7FBB}.Debug|Any CPU.ActiveCfg = Debug|Any CPU
		{0D68A675-AEE4-452B-B9B8-9EE6A86C7FBB}.Debug|Any CPU.Build.0 = Debug|Any CPU
		{0D68A675-AEE4-452B-B9B8-9EE6A86C7FBB}.Release|Any CPU.ActiveCfg = Release|Any CPU
		{0D68A675-AEE4-452B-B9B8-9EE6A86C7FBB}.Release|Any CPU.Build.0 = Release|Any CPU
		{ED4AD10B-F534-4FF8-B6B9-4B279105E6F5}.Debug|Any CPU.ActiveCfg = Debug|Any CPU
		{ED4AD10B-F534-4FF8-B6B9-4B279105E6F5}.Debug|Any CPU.Build.0 = Debug|Any CPU
		{ED4AD10B-F534-4FF8-B6B9-4B279105E6F5}.Release|Any CPU.ActiveCfg = Release|Any CPU
		{ED4AD10B-F534-4FF8-B6B9-4B279105E6F5}.Release|Any CPU.Build.0 = Release|Any CPU
		{889D5F43-8201-496D-8782-D6F86C8B23E4}.Debug|Any CPU.ActiveCfg = Debug|Any CPU
		{889D5F43-8201-496D-8782-D6F86C8B23E4}.Debug|Any CPU.Build.0 = Debug|Any CPU
		{889D5F43-8201-496D-8782-D6F86C8B23E4}.Release|Any CPU.ActiveCfg = Release|Any CPU
		{889D5F43-8201-496D-8782-D6F86C8B23E4}.Release|Any CPU.Build.0 = Release|Any CPU
		{F64BC3A0-9941-4911-A626-79B9E05538A7}.Debug|Any CPU.ActiveCfg = Debug|Any CPU
		{F64BC3A0-9941-4911-A626-79B9E05538A7}.Debug|Any CPU.Build.0 = Debug|Any CPU
		{F64BC3A0-9941-4911-A626-79B9E05538A7}.Release|Any CPU.ActiveCfg = Release|Any CPU
		{F64BC3A0-9941-4911-A626-79B9E05538A7}.Release|Any CPU.Build.0 = Release|Any CPU
		{87EE8633-F8E1-4BC8-AF02-FAE675F00B10}.Debug|Any CPU.ActiveCfg = Debug|Any CPU
		{87EE8633-F8E1-4BC8-AF02-FAE675F00B10}.Debug|Any CPU.Build.0 = Debug|Any CPU
		{87EE8633-F8E1-4BC8-AF02-FAE675F00B10}.Release|Any CPU.ActiveCfg = Release|Any CPU
		{87EE8633-F8E1-4BC8-AF02-FAE675F00B10}.Release|Any CPU.Build.0 = Release|Any CPU
		{852504EA-E74E-4C70-9891-B56AF50C6CAD}.Debug|Any CPU.ActiveCfg = Debug|Any CPU
		{852504EA-E74E-4C70-9891-B56AF50C6CAD}.Debug|Any CPU.Build.0 = Debug|Any CPU
		{852504EA-E74E-4C70-9891-B56AF50C6CAD}.Release|Any CPU.ActiveCfg = Release|Any CPU
		{852504EA-E74E-4C70-9891-B56AF50C6CAD}.Release|Any CPU.Build.0 = Release|Any CPU
		{DD9DD8BC-FBBD-40FC-A4BB-B48679F73F03}.Debug|Any CPU.ActiveCfg = Debug|Any CPU
		{DD9DD8BC-FBBD-40FC-A4BB-B48679F73F03}.Debug|Any CPU.Build.0 = Debug|Any CPU
		{DD9DD8BC-FBBD-40FC-A4BB-B48679F73F03}.Release|Any CPU.ActiveCfg = Release|Any CPU
		{DD9DD8BC-FBBD-40FC-A4BB-B48679F73F03}.Release|Any CPU.Build.0 = Release|Any CPU
		{825FDFD2-8BE1-4CDD-86D1-EF65F734CF77}.Debug|Any CPU.ActiveCfg = Debug|Any CPU
		{825FDFD2-8BE1-4CDD-86D1-EF65F734CF77}.Debug|Any CPU.Build.0 = Debug|Any CPU
		{825FDFD2-8BE1-4CDD-86D1-EF65F734CF77}.Release|Any CPU.ActiveCfg = Release|Any CPU
		{825FDFD2-8BE1-4CDD-86D1-EF65F734CF77}.Release|Any CPU.Build.0 = Release|Any CPU
		{48D4C0DD-2CB5-4DDC-8C99-7862B8198253}.Debug|Any CPU.ActiveCfg = Debug|Any CPU
		{48D4C0DD-2CB5-4DDC-8C99-7862B8198253}.Debug|Any CPU.Build.0 = Debug|Any CPU
		{48D4C0DD-2CB5-4DDC-8C99-7862B8198253}.Release|Any CPU.ActiveCfg = Release|Any CPU
		{48D4C0DD-2CB5-4DDC-8C99-7862B8198253}.Release|Any CPU.Build.0 = Release|Any CPU
		{7E7DAED1-B98D-4C26-BCDB-DF0F67BAB8ED}.Debug|Any CPU.ActiveCfg = Debug|Any CPU
		{7E7DAED1-B98D-4C26-BCDB-DF0F67BAB8ED}.Debug|Any CPU.Build.0 = Debug|Any CPU
		{7E7DAED1-B98D-4C26-BCDB-DF0F67BAB8ED}.Release|Any CPU.ActiveCfg = Release|Any CPU
		{7E7DAED1-B98D-4C26-BCDB-DF0F67BAB8ED}.Release|Any CPU.Build.0 = Release|Any CPU
		{388C3474-9930-4A06-8667-6D169D8F87FD}.Debug|Any CPU.ActiveCfg = Debug|Any CPU
		{388C3474-9930-4A06-8667-6D169D8F87FD}.Debug|Any CPU.Build.0 = Debug|Any CPU
		{388C3474-9930-4A06-8667-6D169D8F87FD}.Release|Any CPU.ActiveCfg = Release|Any CPU
		{388C3474-9930-4A06-8667-6D169D8F87FD}.Release|Any CPU.Build.0 = Release|Any CPU
		{231AAA88-BC2A-465E-AAC9-AE238C1B3BCA}.Debug|Any CPU.ActiveCfg = Debug|Any CPU
		{231AAA88-BC2A-465E-AAC9-AE238C1B3BCA}.Debug|Any CPU.Build.0 = Debug|Any CPU
		{231AAA88-BC2A-465E-AAC9-AE238C1B3BCA}.Release|Any CPU.ActiveCfg = Release|Any CPU
		{231AAA88-BC2A-465E-AAC9-AE238C1B3BCA}.Release|Any CPU.Build.0 = Release|Any CPU
		{1C983BEA-0D75-4455-BF48-253899147E69}.Debug|Any CPU.ActiveCfg = Debug|Any CPU
		{1C983BEA-0D75-4455-BF48-253899147E69}.Debug|Any CPU.Build.0 = Debug|Any CPU
		{1C983BEA-0D75-4455-BF48-253899147E69}.Release|Any CPU.ActiveCfg = Release|Any CPU
		{1C983BEA-0D75-4455-BF48-253899147E69}.Release|Any CPU.Build.0 = Release|Any CPU
		{FF61A6D0-D6EA-4CCE-BD2E-4C447BF07F02}.Debug|Any CPU.ActiveCfg = Debug|Any CPU
		{FF61A6D0-D6EA-4CCE-BD2E-4C447BF07F02}.Debug|Any CPU.Build.0 = Debug|Any CPU
		{FF61A6D0-D6EA-4CCE-BD2E-4C447BF07F02}.Release|Any CPU.ActiveCfg = Release|Any CPU
		{FF61A6D0-D6EA-4CCE-BD2E-4C447BF07F02}.Release|Any CPU.Build.0 = Release|Any CPU
	EndGlobalSection
	GlobalSection(SolutionProperties) = preSolution
		HideSolutionNode = FALSE
	EndGlobalSection
	GlobalSection(NestedProjects) = preSolution
		{F64BC3A0-9941-4911-A626-79B9E05538A7} = {ED739766-2880-48C7-B0FC-8FB4F77B7918}
		{87EE8633-F8E1-4BC8-AF02-FAE675F00B10} = {ED739766-2880-48C7-B0FC-8FB4F77B7918}
		{852504EA-E74E-4C70-9891-B56AF50C6CAD} = {ED739766-2880-48C7-B0FC-8FB4F77B7918}
		{DD9DD8BC-FBBD-40FC-A4BB-B48679F73F03} = {ED739766-2880-48C7-B0FC-8FB4F77B7918}
		{825FDFD2-8BE1-4CDD-86D1-EF65F734CF77} = {2C4660CF-D7D0-44E7-8998-DA5DF3575E6D}
		{48D4C0DD-2CB5-4DDC-8C99-7862B8198253} = {ED739766-2880-48C7-B0FC-8FB4F77B7918}
		{7E7DAED1-B98D-4C26-BCDB-DF0F67BAB8ED} = {ED739766-2880-48C7-B0FC-8FB4F77B7918}
		{388C3474-9930-4A06-8667-6D169D8F87FD} = {ED739766-2880-48C7-B0FC-8FB4F77B7918}
		{1C983BEA-0D75-4455-BF48-253899147E69} = {ED739766-2880-48C7-B0FC-8FB4F77B7918}
	EndGlobalSection
	GlobalSection(ExtensibilityGlobals) = postSolution
		SolutionGuid = {981D0405-3008-4145-B708-5F559C811D64}
	EndGlobalSection
EndGlobal
