Microsoft Visual Studio Solution File, Format Version 12.00
# Visual Studio Version 16
VisualStudioVersion = 16.0.29009.5
MinimumVisualStudioVersion = 10.0.40219.1
Project("{9A19103F-16F7-4668-BE54-9A1E7A4F7556}") = "IdentityServer", "src\DemoApp\IdentityServer\IdentityServer.csproj", "{71B2352D-8722-4ECE-B54A-73D4DCDA1CD1}"
EndProject
Project("{9A19103F-16F7-4668-BE54-9A1E7A4F7556}") = "Client", "src\DemoApp\Client\Client.csproj", "{8F8BD32B-E258-4EB3-B68F-35A36650E709}"
EndProject
Project("{9A19103F-16F7-4668-BE54-9A1E7A4F7556}") = "JavascriptClient", "src\DemoApp\JavascriptClient\JavascriptClient.csproj", "{66E27500-B805-4D2D-9651-C52971F75CB4}"
EndProject
Project("{9A19103F-16F7-4668-BE54-9A1E7A4F7556}") = "ResourceOwnerClient", "src\DemoApp\Infrastructure\ResourceOwnerClient\ResourceOwnerClient.csproj", "{0D68A675-AEE4-452B-B9B8-9EE6A86C7FBB}"
EndProject
Project("{9A19103F-16F7-4668-BE54-9A1E7A4F7556}") = "WebAPI", "src\DemoApp\WebAPI\WebAPI.csproj", "{ED4AD10B-F534-4FF8-B6B9-4B279105E6F5}"
EndProject
Project("{9A19103F-16F7-4668-BE54-9A1E7A4F7556}") = "WebClient", "src\DemoApp\WebClient\WebClient.csproj", "{889D5F43-8201-496D-8782-D6F86C8B23E4}"
EndProject
Project("{2150E333-8FDC-42A3-9474-1A3956D46DE8}") = "Data", "Data", "{ED739766-2880-48C7-B0FC-8FB4F77B7918}"
EndProject
Project("{9A19103F-16F7-4668-BE54-9A1E7A4F7556}") = "Repository", "src\Data\Repository\Repository.csproj", "{852504EA-E74E-4C70-9891-B56AF50C6CAD}"
EndProject
Project("{9A19103F-16F7-4668-BE54-9A1E7A4F7556}") = "DomainSample", "src\DemoApp\DomainSample\DomainSample.csproj", "{DD9DD8BC-FBBD-40FC-A4BB-B48679F73F03}"
EndProject
Project("{2150E333-8FDC-42A3-9474-1A3956D46DE8}") = "Common", "Common", "{2C4660CF-D7D0-44E7-8998-DA5DF3575E6D}"
EndProject
Project("{9A19103F-16F7-4668-BE54-9A1E7A4F7556}") = "CoreDX.Common.Util", "src\Common\CoreDX.Common.Util\CoreDX.Common.Util.csproj", "{825FDFD2-8BE1-4CDD-86D1-EF65F734CF77}"
EndProject
Project("{9A19103F-16F7-4668-BE54-9A1E7A4F7556}") = "Domain.EntityFrameworkCore", "src\Data\Domain.EntityFrameworkCore\Domain.EntityFrameworkCore.csproj", "{388C3474-9930-4A06-8667-6D169D8F87FD}"
EndProject
Project("{9A19103F-16F7-4668-BE54-9A1E7A4F7556}") = "EntityHistoryMQReceive", "src\Data\RabbitMQReceive\EntityHistoryMQReceive.csproj", "{1C983BEA-0D75-4455-BF48-253899147E69}"
EndProject
Project("{9A19103F-16F7-4668-BE54-9A1E7A4F7556}") = "Extensions.Logging.File", "src\Infrastructure\Extensions.Logging.File\Extensions.Logging.File.csproj", "{FF61A6D0-D6EA-4CCE-BD2E-4C447BF07F02}"
EndProject
Project("{9A19103F-16F7-4668-BE54-9A1E7A4F7556}") = "CSharpScriptDemo", "src\DemoApp\CSharpScriptDemo\CSharpScriptDemo.csproj", "{ED2A7D11-8350-4B19-A3B0-23273727339E}"
EndProject
Project("{2150E333-8FDC-42A3-9474-1A3956D46DE8}") = "src", "src", "{B6A62D81-BB03-4D59-834F-7D4916B97094}"
EndProject
Project("{9A19103F-16F7-4668-BE54-9A1E7A4F7556}") = "CoreDX.Domain.Core", "src\ApplicationDomain\CoreDX.Domain.Core\CoreDX.Domain.Core.csproj", "{342AAAA1-47AB-4E69-B3F5-985C1DE09312}"
EndProject
Project("{2150E333-8FDC-42A3-9474-1A3956D46DE8}") = "ApplicationDomain", "ApplicationDomain", "{27AAF7D4-CC18-49AF-91CD-E38478A03F5E}"
EndProject
Project("{9A19103F-16F7-4668-BE54-9A1E7A4F7556}") = "CoreDX.Domain.Model", "src\ApplicationDomain\CoreDX.Domain.Model\CoreDX.Domain.Model.csproj", "{D71032BD-AE4F-4820-9C26-93D6A9DC3F4B}"
EndProject
Project("{9A19103F-16F7-4668-BE54-9A1E7A4F7556}") = "CoreDX.Domain.Service.App", "src\ApplicationDomain\CoreDX.Domain.Service.App\CoreDX.Domain.Service.App.csproj", "{8B874FBC-9833-4014-8102-5A57D17CFE85}"
EndProject
Project("{9A19103F-16F7-4668-BE54-9A1E7A4F7556}") = "CoreDX.EntityFrameworkCore.Extensions", "src\Common\CoreDX.EntityFrameworkCore.Extensions\CoreDX.EntityFrameworkCore.Extensions.csproj", "{29FD8B3C-E50C-4DB5-B582-651255C7C6B8}"
EndProject
Project("{9A19103F-16F7-4668-BE54-9A1E7A4F7556}") = "CoreDX.Application.DbMigration", "src\Infrastructure\CoreDX.Application.DbMigration\CoreDX.Application.DbMigration.csproj", "{43DF25A0-C1A7-475E-A5F3-D0015F2C13EF}"
EndProject
Project("{2150E333-8FDC-42A3-9474-1A3956D46DE8}") = "Infrastructure", "Infrastructure", "{7AAF1931-16C1-4F79-BCCD-332B774D3223}"
EndProject
Project("{9A19103F-16F7-4668-BE54-9A1E7A4F7556}") = "CoreDX.Application.EntityFrameworkCore", "src\Infrastructure\CoreDX.Application.EntityFrameworkCore\CoreDX.Application.EntityFrameworkCore.csproj", "{F95E7870-79D3-499F-B903-480B1DA5B1A5}"
EndProject
Project("{9A19103F-16F7-4668-BE54-9A1E7A4F7556}") = "CoreDX.Domain.Entity.Identity", "src\ApplicationDomain\CoreDX.Domain.Entity.Identity\CoreDX.Domain.Entity.Identity.csproj", "{6A45976B-69F3-43C6-89B2-70CBCBCDE369}"
EndProject
Project("{9A19103F-16F7-4668-BE54-9A1E7A4F7556}") = "CoreDX.Domain.Entity.Permission", "src\ApplicationDomain\CoreDX.Domain.Entity.Permission\CoreDX.Domain.Entity.Permission.csproj", "{E1D8A08A-4FEA-4FCB-B4F8-10F48CF8AA48}"
EndProject
Project("{2150E333-8FDC-42A3-9474-1A3956D46DE8}") = "DemoApp", "DemoApp", "{8A609C05-0214-4187-B7EF-B1CADA8CF2E0}"
EndProject
Project("{9A19103F-16F7-4668-BE54-9A1E7A4F7556}") = "CoreDX.Domain.Entity.App", "src\ApplicationDomain\CoreDX.Domain.Entity.App\CoreDX.Domain.Entity.App.csproj", "{EBAF54F9-5E83-40CB-B221-53220FE04810}"
EndProject
Project("{9A19103F-16F7-4668-BE54-9A1E7A4F7556}") = "CoreDX.Application.EntityFrameworkCore.SqlServer", "src\Infrastructure\CoreDX.Application.EntityFrameworkCore.SqlServer\CoreDX.Application.EntityFrameworkCore.SqlServer.csproj", "{3E94F9F3-27FE-4320-A5CC-9A8DA7AAACCB}"
EndProject
Project("{9A19103F-16F7-4668-BE54-9A1E7A4F7556}") = "CoreDX.Application.Repository.EntityFrameworkCore", "src\Infrastructure\CoreDX.Application.Repository.EntityFrameworkCore\CoreDX.Application.Repository.EntityFrameworkCore.csproj", "{C336774A-A9D6-4752-BFA7-6F63FBB168B4}"
EndProject
Project("{9A19103F-16F7-4668-BE54-9A1E7A4F7556}") = "CoreDX.Application.Command", "src\Infrastructure\CoreDX.Application.Command\CoreDX.Application.Command.csproj", "{58066945-E4ED-4834-9ACA-5E27F85D9C2C}"
EndProject
Project("{9A19103F-16F7-4668-BE54-9A1E7A4F7556}") = "IdentityServerGui", "src\DemoApp\IdentityServerGui\IdentityServerGui.csproj", "{FEEE4E1B-001B-470E-8C90-76F1A3DCD518}"
EndProject
Project("{9A19103F-16F7-4668-BE54-9A1E7A4F7556}") = "NotifyIconWpf", "src\Common\NotifyIconWpf\NotifyIconWpf.csproj", "{EB5B7F6A-AC2C-414A-8F03-16AC76275C2D}"
EndProject
Project("{9A19103F-16F7-4668-BE54-9A1E7A4F7556}") = "Harmonic", "..\Harmonic\Harmonic\Harmonic.csproj", "{AD5AFA47-F8CC-4620-BF8A-5637BED3BA40}"
EndProject
Project("{9A19103F-16F7-4668-BE54-9A1E7A4F7556}") = "CoreDX.Sudoku", "src\Common\Sudoku\CoreDX.Sudoku.csproj", "{C9E961CC-45E5-4C57-9275-7D27163D9C8B}"
EndProject
Project("{9A19103F-16F7-4668-BE54-9A1E7A4F7556}") = "SudokuTest", "src\DemoApp\SudokuTest\SudokuTest.csproj", "{C9FAA964-22F5-4CED-B2A9-E3A52084453D}"
EndProject
Project("{2150E333-8FDC-42A3-9474-1A3956D46DE8}") = "DemoPlugin", "DemoPlugin", "{695ED280-AFE8-48E4-BD8A-058806BA5745}"
EndProject
Project("{9A19103F-16F7-4668-BE54-9A1E7A4F7556}") = "Plugin1", "src\DemoPlugin\Plugin1\Plugin1.csproj", "{35D2C566-ABF1-43E1-8F19-1EAB4E81772A}"
EndProject
Project("{9A19103F-16F7-4668-BE54-9A1E7A4F7556}") = "DepsOfPlugin1", "src\DemoPlugin\DepsOfPlugin1\DepsOfPlugin1.csproj", "{F6D5B518-774D-41CC-AD76-A902D68531CB}"
EndProject
Project("{9A19103F-16F7-4668-BE54-9A1E7A4F7556}") = "PluginBase", "src\DemoPlugin\PluginBase\PluginBase.csproj", "{085A10C4-2D8A-4FED-B9C7-D5878426EAB4}"
EndProject
Project("{9A19103F-16F7-4668-BE54-9A1E7A4F7556}") = "GrpcClient", "src\DemoApp\GrpcClient\GrpcClient.csproj", "{5E6C2002-1595-4324-9F3C-B4FA84FC008C}"
EndProject
Project("{9A19103F-16F7-4668-BE54-9A1E7A4F7556}") = "CoreDX.Domain.Repository.EntityFrameworkCore", "src\ApplicationDomain\CoreDX.Domain.Repository.EntityFrameworkCore\CoreDX.Domain.Repository.EntityFrameworkCore.csproj", "{C2790CFB-5F4B-4762-93D5-C69B16A83C9A}"
EndProject
Project("{9A19103F-16F7-4668-BE54-9A1E7A4F7556}") = "CoreDX.EntityFrameworkCore.DataAnnotations", "src\Common\CoreDX.EntityFrameworkCore.DataAnnotations\CoreDX.EntityFrameworkCore.DataAnnotations.csproj", "{34E706E9-888F-4A21-863F-18F0BDC3830F}"
EndProject
Project("{FAE04EC0-301F-11D3-BF4B-00C04F79EFBC}") = "CoreDX.Application.Service", "src\Infrastructure\CoreDX.Application.Service\CoreDX.Application.Service.csproj", "{C44A8661-2D96-41BD-8CBE-BB8E1F0BF15D}"
EndProject
Project("{FAE04EC0-301F-11D3-BF4B-00C04F79EFBC}") = "CoreDX.Domain.Repository.App", "src\ApplicationDomain\CoreDX.Domain.Repository.App\CoreDX.Domain.Repository.App.csproj", "{9F1A9DF4-1D5A-499A-B494-047601F4B8BC}"
EndProject
Project("{FAE04EC0-301F-11D3-BF4B-00C04F79EFBC}") = "CoreDX.EntityFrameworkCore.Extensions.Domain", "src\Common\CoreDX.EntityFrameworkCore.Extensions.Domain\CoreDX.EntityFrameworkCore.Extensions.Domain.csproj", "{05996CB4-B384-4F96-B475-DCDD88393AA3}"
EndProject
Global
	GlobalSection(SolutionConfigurationPlatforms) = preSolution
		Debug|Any CPU = Debug|Any CPU
		Release|Any CPU = Release|Any CPU
	EndGlobalSection
	GlobalSection(ProjectConfigurationPlatforms) = postSolution
		{71B2352D-8722-4ECE-B54A-73D4DCDA1CD1}.Debug|Any CPU.ActiveCfg = Debug|Any CPU
		{71B2352D-8722-4ECE-B54A-73D4DCDA1CD1}.Debug|Any CPU.Build.0 = Debug|Any CPU
		{71B2352D-8722-4ECE-B54A-73D4DCDA1CD1}.Release|Any CPU.ActiveCfg = Release|Any CPU
		{71B2352D-8722-4ECE-B54A-73D4DCDA1CD1}.Release|Any CPU.Build.0 = Release|Any CPU
		{8F8BD32B-E258-4EB3-B68F-35A36650E709}.Debug|Any CPU.ActiveCfg = Debug|Any CPU
		{8F8BD32B-E258-4EB3-B68F-35A36650E709}.Debug|Any CPU.Build.0 = Debug|Any CPU
		{8F8BD32B-E258-4EB3-B68F-35A36650E709}.Release|Any CPU.ActiveCfg = Release|Any CPU
		{8F8BD32B-E258-4EB3-B68F-35A36650E709}.Release|Any CPU.Build.0 = Release|Any CPU
		{66E27500-B805-4D2D-9651-C52971F75CB4}.Debug|Any CPU.ActiveCfg = Debug|Any CPU
		{66E27500-B805-4D2D-9651-C52971F75CB4}.Debug|Any CPU.Build.0 = Debug|Any CPU
		{66E27500-B805-4D2D-9651-C52971F75CB4}.Release|Any CPU.ActiveCfg = Release|Any CPU
		{66E27500-B805-4D2D-9651-C52971F75CB4}.Release|Any CPU.Build.0 = Release|Any CPU
		{0D68A675-AEE4-452B-B9B8-9EE6A86C7FBB}.Debug|Any CPU.ActiveCfg = Debug|Any CPU
		{0D68A675-AEE4-452B-B9B8-9EE6A86C7FBB}.Debug|Any CPU.Build.0 = Debug|Any CPU
		{0D68A675-AEE4-452B-B9B8-9EE6A86C7FBB}.Release|Any CPU.ActiveCfg = Release|Any CPU
		{0D68A675-AEE4-452B-B9B8-9EE6A86C7FBB}.Release|Any CPU.Build.0 = Release|Any CPU
		{ED4AD10B-F534-4FF8-B6B9-4B279105E6F5}.Debug|Any CPU.ActiveCfg = Debug|Any CPU
		{ED4AD10B-F534-4FF8-B6B9-4B279105E6F5}.Debug|Any CPU.Build.0 = Debug|Any CPU
		{ED4AD10B-F534-4FF8-B6B9-4B279105E6F5}.Release|Any CPU.ActiveCfg = Release|Any CPU
		{ED4AD10B-F534-4FF8-B6B9-4B279105E6F5}.Release|Any CPU.Build.0 = Release|Any CPU
		{889D5F43-8201-496D-8782-D6F86C8B23E4}.Debug|Any CPU.ActiveCfg = Debug|Any CPU
		{889D5F43-8201-496D-8782-D6F86C8B23E4}.Debug|Any CPU.Build.0 = Debug|Any CPU
		{889D5F43-8201-496D-8782-D6F86C8B23E4}.Release|Any CPU.ActiveCfg = Release|Any CPU
		{889D5F43-8201-496D-8782-D6F86C8B23E4}.Release|Any CPU.Build.0 = Release|Any CPU
		{852504EA-E74E-4C70-9891-B56AF50C6CAD}.Debug|Any CPU.ActiveCfg = Debug|Any CPU
		{852504EA-E74E-4C70-9891-B56AF50C6CAD}.Debug|Any CPU.Build.0 = Debug|Any CPU
		{852504EA-E74E-4C70-9891-B56AF50C6CAD}.Release|Any CPU.ActiveCfg = Release|Any CPU
		{852504EA-E74E-4C70-9891-B56AF50C6CAD}.Release|Any CPU.Build.0 = Release|Any CPU
		{DD9DD8BC-FBBD-40FC-A4BB-B48679F73F03}.Debug|Any CPU.ActiveCfg = Debug|Any CPU
		{DD9DD8BC-FBBD-40FC-A4BB-B48679F73F03}.Debug|Any CPU.Build.0 = Debug|Any CPU
		{DD9DD8BC-FBBD-40FC-A4BB-B48679F73F03}.Release|Any CPU.ActiveCfg = Release|Any CPU
		{DD9DD8BC-FBBD-40FC-A4BB-B48679F73F03}.Release|Any CPU.Build.0 = Release|Any CPU
		{825FDFD2-8BE1-4CDD-86D1-EF65F734CF77}.Debug|Any CPU.ActiveCfg = Debug|Any CPU
		{825FDFD2-8BE1-4CDD-86D1-EF65F734CF77}.Debug|Any CPU.Build.0 = Debug|Any CPU
		{825FDFD2-8BE1-4CDD-86D1-EF65F734CF77}.Release|Any CPU.ActiveCfg = Release|Any CPU
		{825FDFD2-8BE1-4CDD-86D1-EF65F734CF77}.Release|Any CPU.Build.0 = Release|Any CPU
		{388C3474-9930-4A06-8667-6D169D8F87FD}.Debug|Any CPU.ActiveCfg = Debug|Any CPU
		{388C3474-9930-4A06-8667-6D169D8F87FD}.Debug|Any CPU.Build.0 = Debug|Any CPU
		{388C3474-9930-4A06-8667-6D169D8F87FD}.Release|Any CPU.ActiveCfg = Release|Any CPU
		{388C3474-9930-4A06-8667-6D169D8F87FD}.Release|Any CPU.Build.0 = Release|Any CPU
		{1C983BEA-0D75-4455-BF48-253899147E69}.Debug|Any CPU.ActiveCfg = Debug|Any CPU
		{1C983BEA-0D75-4455-BF48-253899147E69}.Debug|Any CPU.Build.0 = Debug|Any CPU
		{1C983BEA-0D75-4455-BF48-253899147E69}.Release|Any CPU.ActiveCfg = Release|Any CPU
		{1C983BEA-0D75-4455-BF48-253899147E69}.Release|Any CPU.Build.0 = Release|Any CPU
		{FF61A6D0-D6EA-4CCE-BD2E-4C447BF07F02}.Debug|Any CPU.ActiveCfg = Debug|Any CPU
		{FF61A6D0-D6EA-4CCE-BD2E-4C447BF07F02}.Debug|Any CPU.Build.0 = Debug|Any CPU
		{FF61A6D0-D6EA-4CCE-BD2E-4C447BF07F02}.Release|Any CPU.ActiveCfg = Release|Any CPU
		{FF61A6D0-D6EA-4CCE-BD2E-4C447BF07F02}.Release|Any CPU.Build.0 = Release|Any CPU
		{ED2A7D11-8350-4B19-A3B0-23273727339E}.Debug|Any CPU.ActiveCfg = Debug|Any CPU
		{ED2A7D11-8350-4B19-A3B0-23273727339E}.Debug|Any CPU.Build.0 = Debug|Any CPU
		{ED2A7D11-8350-4B19-A3B0-23273727339E}.Release|Any CPU.ActiveCfg = Release|Any CPU
		{ED2A7D11-8350-4B19-A3B0-23273727339E}.Release|Any CPU.Build.0 = Release|Any CPU
		{342AAAA1-47AB-4E69-B3F5-985C1DE09312}.Debug|Any CPU.ActiveCfg = Debug|Any CPU
		{342AAAA1-47AB-4E69-B3F5-985C1DE09312}.Debug|Any CPU.Build.0 = Debug|Any CPU
		{342AAAA1-47AB-4E69-B3F5-985C1DE09312}.Release|Any CPU.ActiveCfg = Release|Any CPU
		{342AAAA1-47AB-4E69-B3F5-985C1DE09312}.Release|Any CPU.Build.0 = Release|Any CPU
		{D71032BD-AE4F-4820-9C26-93D6A9DC3F4B}.Debug|Any CPU.ActiveCfg = Debug|Any CPU
		{D71032BD-AE4F-4820-9C26-93D6A9DC3F4B}.Debug|Any CPU.Build.0 = Debug|Any CPU
		{D71032BD-AE4F-4820-9C26-93D6A9DC3F4B}.Release|Any CPU.ActiveCfg = Release|Any CPU
		{D71032BD-AE4F-4820-9C26-93D6A9DC3F4B}.Release|Any CPU.Build.0 = Release|Any CPU
		{8B874FBC-9833-4014-8102-5A57D17CFE85}.Debug|Any CPU.ActiveCfg = Debug|Any CPU
		{8B874FBC-9833-4014-8102-5A57D17CFE85}.Debug|Any CPU.Build.0 = Debug|Any CPU
		{8B874FBC-9833-4014-8102-5A57D17CFE85}.Release|Any CPU.ActiveCfg = Release|Any CPU
		{8B874FBC-9833-4014-8102-5A57D17CFE85}.Release|Any CPU.Build.0 = Release|Any CPU
		{29FD8B3C-E50C-4DB5-B582-651255C7C6B8}.Debug|Any CPU.ActiveCfg = Debug|Any CPU
		{29FD8B3C-E50C-4DB5-B582-651255C7C6B8}.Debug|Any CPU.Build.0 = Debug|Any CPU
		{29FD8B3C-E50C-4DB5-B582-651255C7C6B8}.Release|Any CPU.ActiveCfg = Release|Any CPU
		{29FD8B3C-E50C-4DB5-B582-651255C7C6B8}.Release|Any CPU.Build.0 = Release|Any CPU
		{43DF25A0-C1A7-475E-A5F3-D0015F2C13EF}.Debug|Any CPU.ActiveCfg = Debug|Any CPU
		{43DF25A0-C1A7-475E-A5F3-D0015F2C13EF}.Debug|Any CPU.Build.0 = Debug|Any CPU
		{43DF25A0-C1A7-475E-A5F3-D0015F2C13EF}.Release|Any CPU.ActiveCfg = Release|Any CPU
		{43DF25A0-C1A7-475E-A5F3-D0015F2C13EF}.Release|Any CPU.Build.0 = Release|Any CPU
		{F95E7870-79D3-499F-B903-480B1DA5B1A5}.Debug|Any CPU.ActiveCfg = Debug|Any CPU
		{F95E7870-79D3-499F-B903-480B1DA5B1A5}.Debug|Any CPU.Build.0 = Debug|Any CPU
		{F95E7870-79D3-499F-B903-480B1DA5B1A5}.Release|Any CPU.ActiveCfg = Release|Any CPU
		{F95E7870-79D3-499F-B903-480B1DA5B1A5}.Release|Any CPU.Build.0 = Release|Any CPU
		{6A45976B-69F3-43C6-89B2-70CBCBCDE369}.Debug|Any CPU.ActiveCfg = Debug|Any CPU
		{6A45976B-69F3-43C6-89B2-70CBCBCDE369}.Debug|Any CPU.Build.0 = Debug|Any CPU
		{6A45976B-69F3-43C6-89B2-70CBCBCDE369}.Release|Any CPU.ActiveCfg = Release|Any CPU
		{6A45976B-69F3-43C6-89B2-70CBCBCDE369}.Release|Any CPU.Build.0 = Release|Any CPU
		{E1D8A08A-4FEA-4FCB-B4F8-10F48CF8AA48}.Debug|Any CPU.ActiveCfg = Debug|Any CPU
		{E1D8A08A-4FEA-4FCB-B4F8-10F48CF8AA48}.Debug|Any CPU.Build.0 = Debug|Any CPU
		{E1D8A08A-4FEA-4FCB-B4F8-10F48CF8AA48}.Release|Any CPU.ActiveCfg = Release|Any CPU
		{E1D8A08A-4FEA-4FCB-B4F8-10F48CF8AA48}.Release|Any CPU.Build.0 = Release|Any CPU
		{EBAF54F9-5E83-40CB-B221-53220FE04810}.Debug|Any CPU.ActiveCfg = Debug|Any CPU
		{EBAF54F9-5E83-40CB-B221-53220FE04810}.Debug|Any CPU.Build.0 = Debug|Any CPU
		{EBAF54F9-5E83-40CB-B221-53220FE04810}.Release|Any CPU.ActiveCfg = Release|Any CPU
		{EBAF54F9-5E83-40CB-B221-53220FE04810}.Release|Any CPU.Build.0 = Release|Any CPU
		{3E94F9F3-27FE-4320-A5CC-9A8DA7AAACCB}.Debug|Any CPU.ActiveCfg = Debug|Any CPU
		{3E94F9F3-27FE-4320-A5CC-9A8DA7AAACCB}.Debug|Any CPU.Build.0 = Debug|Any CPU
		{3E94F9F3-27FE-4320-A5CC-9A8DA7AAACCB}.Release|Any CPU.ActiveCfg = Release|Any CPU
		{3E94F9F3-27FE-4320-A5CC-9A8DA7AAACCB}.Release|Any CPU.Build.0 = Release|Any CPU
		{C336774A-A9D6-4752-BFA7-6F63FBB168B4}.Debug|Any CPU.ActiveCfg = Debug|Any CPU
		{C336774A-A9D6-4752-BFA7-6F63FBB168B4}.Debug|Any CPU.Build.0 = Debug|Any CPU
		{C336774A-A9D6-4752-BFA7-6F63FBB168B4}.Release|Any CPU.ActiveCfg = Release|Any CPU
		{C336774A-A9D6-4752-BFA7-6F63FBB168B4}.Release|Any CPU.Build.0 = Release|Any CPU
		{58066945-E4ED-4834-9ACA-5E27F85D9C2C}.Debug|Any CPU.ActiveCfg = Debug|Any CPU
		{58066945-E4ED-4834-9ACA-5E27F85D9C2C}.Debug|Any CPU.Build.0 = Debug|Any CPU
		{58066945-E4ED-4834-9ACA-5E27F85D9C2C}.Release|Any CPU.ActiveCfg = Release|Any CPU
		{58066945-E4ED-4834-9ACA-5E27F85D9C2C}.Release|Any CPU.Build.0 = Release|Any CPU
		{FEEE4E1B-001B-470E-8C90-76F1A3DCD518}.Debug|Any CPU.ActiveCfg = Debug|Any CPU
		{FEEE4E1B-001B-470E-8C90-76F1A3DCD518}.Debug|Any CPU.Build.0 = Debug|Any CPU
		{FEEE4E1B-001B-470E-8C90-76F1A3DCD518}.Release|Any CPU.ActiveCfg = Release|Any CPU
		{FEEE4E1B-001B-470E-8C90-76F1A3DCD518}.Release|Any CPU.Build.0 = Release|Any CPU
		{EB5B7F6A-AC2C-414A-8F03-16AC76275C2D}.Debug|Any CPU.ActiveCfg = Debug|Any CPU
		{EB5B7F6A-AC2C-414A-8F03-16AC76275C2D}.Debug|Any CPU.Build.0 = Debug|Any CPU
		{EB5B7F6A-AC2C-414A-8F03-16AC76275C2D}.Release|Any CPU.ActiveCfg = Release|Any CPU
		{EB5B7F6A-AC2C-414A-8F03-16AC76275C2D}.Release|Any CPU.Build.0 = Release|Any CPU
		{AD5AFA47-F8CC-4620-BF8A-5637BED3BA40}.Debug|Any CPU.ActiveCfg = Debug|Any CPU
		{AD5AFA47-F8CC-4620-BF8A-5637BED3BA40}.Debug|Any CPU.Build.0 = Debug|Any CPU
		{AD5AFA47-F8CC-4620-BF8A-5637BED3BA40}.Release|Any CPU.ActiveCfg = Release|Any CPU
		{AD5AFA47-F8CC-4620-BF8A-5637BED3BA40}.Release|Any CPU.Build.0 = Release|Any CPU
		{C9E961CC-45E5-4C57-9275-7D27163D9C8B}.Debug|Any CPU.ActiveCfg = Debug|Any CPU
		{C9E961CC-45E5-4C57-9275-7D27163D9C8B}.Debug|Any CPU.Build.0 = Debug|Any CPU
		{C9E961CC-45E5-4C57-9275-7D27163D9C8B}.Release|Any CPU.ActiveCfg = Release|Any CPU
		{C9E961CC-45E5-4C57-9275-7D27163D9C8B}.Release|Any CPU.Build.0 = Release|Any CPU
		{C9FAA964-22F5-4CED-B2A9-E3A52084453D}.Debug|Any CPU.ActiveCfg = Debug|Any CPU
		{C9FAA964-22F5-4CED-B2A9-E3A52084453D}.Debug|Any CPU.Build.0 = Debug|Any CPU
		{C9FAA964-22F5-4CED-B2A9-E3A52084453D}.Release|Any CPU.ActiveCfg = Release|Any CPU
		{C9FAA964-22F5-4CED-B2A9-E3A52084453D}.Release|Any CPU.Build.0 = Release|Any CPU
		{35D2C566-ABF1-43E1-8F19-1EAB4E81772A}.Debug|Any CPU.ActiveCfg = Debug|Any CPU
		{35D2C566-ABF1-43E1-8F19-1EAB4E81772A}.Debug|Any CPU.Build.0 = Debug|Any CPU
		{35D2C566-ABF1-43E1-8F19-1EAB4E81772A}.Release|Any CPU.ActiveCfg = Release|Any CPU
		{35D2C566-ABF1-43E1-8F19-1EAB4E81772A}.Release|Any CPU.Build.0 = Release|Any CPU
		{F6D5B518-774D-41CC-AD76-A902D68531CB}.Debug|Any CPU.ActiveCfg = Debug|Any CPU
		{F6D5B518-774D-41CC-AD76-A902D68531CB}.Debug|Any CPU.Build.0 = Debug|Any CPU
		{F6D5B518-774D-41CC-AD76-A902D68531CB}.Release|Any CPU.ActiveCfg = Release|Any CPU
		{F6D5B518-774D-41CC-AD76-A902D68531CB}.Release|Any CPU.Build.0 = Release|Any CPU
		{085A10C4-2D8A-4FED-B9C7-D5878426EAB4}.Debug|Any CPU.ActiveCfg = Debug|Any CPU
		{085A10C4-2D8A-4FED-B9C7-D5878426EAB4}.Debug|Any CPU.Build.0 = Debug|Any CPU
		{085A10C4-2D8A-4FED-B9C7-D5878426EAB4}.Release|Any CPU.ActiveCfg = Release|Any CPU
		{085A10C4-2D8A-4FED-B9C7-D5878426EAB4}.Release|Any CPU.Build.0 = Release|Any CPU
		{5E6C2002-1595-4324-9F3C-B4FA84FC008C}.Debug|Any CPU.ActiveCfg = Debug|Any CPU
		{5E6C2002-1595-4324-9F3C-B4FA84FC008C}.Debug|Any CPU.Build.0 = Debug|Any CPU
		{5E6C2002-1595-4324-9F3C-B4FA84FC008C}.Release|Any CPU.ActiveCfg = Release|Any CPU
		{5E6C2002-1595-4324-9F3C-B4FA84FC008C}.Release|Any CPU.Build.0 = Release|Any CPU
		{C2790CFB-5F4B-4762-93D5-C69B16A83C9A}.Debug|Any CPU.ActiveCfg = Debug|Any CPU
		{C2790CFB-5F4B-4762-93D5-C69B16A83C9A}.Debug|Any CPU.Build.0 = Debug|Any CPU
		{C2790CFB-5F4B-4762-93D5-C69B16A83C9A}.Release|Any CPU.ActiveCfg = Release|Any CPU
		{C2790CFB-5F4B-4762-93D5-C69B16A83C9A}.Release|Any CPU.Build.0 = Release|Any CPU
		{34E706E9-888F-4A21-863F-18F0BDC3830F}.Debug|Any CPU.ActiveCfg = Debug|Any CPU
		{34E706E9-888F-4A21-863F-18F0BDC3830F}.Debug|Any CPU.Build.0 = Debug|Any CPU
		{34E706E9-888F-4A21-863F-18F0BDC3830F}.Release|Any CPU.ActiveCfg = Release|Any CPU
		{34E706E9-888F-4A21-863F-18F0BDC3830F}.Release|Any CPU.Build.0 = Release|Any CPU
		{C44A8661-2D96-41BD-8CBE-BB8E1F0BF15D}.Debug|Any CPU.ActiveCfg = Debug|Any CPU
		{C44A8661-2D96-41BD-8CBE-BB8E1F0BF15D}.Debug|Any CPU.Build.0 = Debug|Any CPU
		{C44A8661-2D96-41BD-8CBE-BB8E1F0BF15D}.Release|Any CPU.ActiveCfg = Release|Any CPU
		{C44A8661-2D96-41BD-8CBE-BB8E1F0BF15D}.Release|Any CPU.Build.0 = Release|Any CPU
		{9F1A9DF4-1D5A-499A-B494-047601F4B8BC}.Debug|Any CPU.ActiveCfg = Debug|Any CPU
		{9F1A9DF4-1D5A-499A-B494-047601F4B8BC}.Debug|Any CPU.Build.0 = Debug|Any CPU
		{9F1A9DF4-1D5A-499A-B494-047601F4B8BC}.Release|Any CPU.ActiveCfg = Release|Any CPU
		{9F1A9DF4-1D5A-499A-B494-047601F4B8BC}.Release|Any CPU.Build.0 = Release|Any CPU
		{05996CB4-B384-4F96-B475-DCDD88393AA3}.Debug|Any CPU.ActiveCfg = Debug|Any CPU
		{05996CB4-B384-4F96-B475-DCDD88393AA3}.Debug|Any CPU.Build.0 = Debug|Any CPU
		{05996CB4-B384-4F96-B475-DCDD88393AA3}.Release|Any CPU.ActiveCfg = Release|Any CPU
		{05996CB4-B384-4F96-B475-DCDD88393AA3}.Release|Any CPU.Build.0 = Release|Any CPU
	EndGlobalSection
	GlobalSection(SolutionProperties) = preSolution
		HideSolutionNode = FALSE
	EndGlobalSection
	GlobalSection(NestedProjects) = preSolution
		{71B2352D-8722-4ECE-B54A-73D4DCDA1CD1} = {8A609C05-0214-4187-B7EF-B1CADA8CF2E0}
		{8F8BD32B-E258-4EB3-B68F-35A36650E709} = {8A609C05-0214-4187-B7EF-B1CADA8CF2E0}
		{66E27500-B805-4D2D-9651-C52971F75CB4} = {8A609C05-0214-4187-B7EF-B1CADA8CF2E0}
		{0D68A675-AEE4-452B-B9B8-9EE6A86C7FBB} = {7AAF1931-16C1-4F79-BCCD-332B774D3223}
		{ED4AD10B-F534-4FF8-B6B9-4B279105E6F5} = {8A609C05-0214-4187-B7EF-B1CADA8CF2E0}
		{889D5F43-8201-496D-8782-D6F86C8B23E4} = {8A609C05-0214-4187-B7EF-B1CADA8CF2E0}
		{ED739766-2880-48C7-B0FC-8FB4F77B7918} = {B6A62D81-BB03-4D59-834F-7D4916B97094}
		{852504EA-E74E-4C70-9891-B56AF50C6CAD} = {ED739766-2880-48C7-B0FC-8FB4F77B7918}
		{DD9DD8BC-FBBD-40FC-A4BB-B48679F73F03} = {8A609C05-0214-4187-B7EF-B1CADA8CF2E0}
		{2C4660CF-D7D0-44E7-8998-DA5DF3575E6D} = {B6A62D81-BB03-4D59-834F-7D4916B97094}
		{825FDFD2-8BE1-4CDD-86D1-EF65F734CF77} = {2C4660CF-D7D0-44E7-8998-DA5DF3575E6D}
		{388C3474-9930-4A06-8667-6D169D8F87FD} = {ED739766-2880-48C7-B0FC-8FB4F77B7918}
		{1C983BEA-0D75-4455-BF48-253899147E69} = {ED739766-2880-48C7-B0FC-8FB4F77B7918}
		{FF61A6D0-D6EA-4CCE-BD2E-4C447BF07F02} = {7AAF1931-16C1-4F79-BCCD-332B774D3223}
		{ED2A7D11-8350-4B19-A3B0-23273727339E} = {8A609C05-0214-4187-B7EF-B1CADA8CF2E0}
		{342AAAA1-47AB-4E69-B3F5-985C1DE09312} = {27AAF7D4-CC18-49AF-91CD-E38478A03F5E}
		{27AAF7D4-CC18-49AF-91CD-E38478A03F5E} = {B6A62D81-BB03-4D59-834F-7D4916B97094}
		{D71032BD-AE4F-4820-9C26-93D6A9DC3F4B} = {27AAF7D4-CC18-49AF-91CD-E38478A03F5E}
		{8B874FBC-9833-4014-8102-5A57D17CFE85} = {27AAF7D4-CC18-49AF-91CD-E38478A03F5E}
		{29FD8B3C-E50C-4DB5-B582-651255C7C6B8} = {2C4660CF-D7D0-44E7-8998-DA5DF3575E6D}
		{43DF25A0-C1A7-475E-A5F3-D0015F2C13EF} = {7AAF1931-16C1-4F79-BCCD-332B774D3223}
		{7AAF1931-16C1-4F79-BCCD-332B774D3223} = {B6A62D81-BB03-4D59-834F-7D4916B97094}
		{F95E7870-79D3-499F-B903-480B1DA5B1A5} = {7AAF1931-16C1-4F79-BCCD-332B774D3223}
		{6A45976B-69F3-43C6-89B2-70CBCBCDE369} = {27AAF7D4-CC18-49AF-91CD-E38478A03F5E}
		{E1D8A08A-4FEA-4FCB-B4F8-10F48CF8AA48} = {27AAF7D4-CC18-49AF-91CD-E38478A03F5E}
		{8A609C05-0214-4187-B7EF-B1CADA8CF2E0} = {B6A62D81-BB03-4D59-834F-7D4916B97094}
		{EBAF54F9-5E83-40CB-B221-53220FE04810} = {27AAF7D4-CC18-49AF-91CD-E38478A03F5E}
		{3E94F9F3-27FE-4320-A5CC-9A8DA7AAACCB} = {7AAF1931-16C1-4F79-BCCD-332B774D3223}
		{C336774A-A9D6-4752-BFA7-6F63FBB168B4} = {7AAF1931-16C1-4F79-BCCD-332B774D3223}
		{58066945-E4ED-4834-9ACA-5E27F85D9C2C} = {7AAF1931-16C1-4F79-BCCD-332B774D3223}
		{FEEE4E1B-001B-470E-8C90-76F1A3DCD518} = {8A609C05-0214-4187-B7EF-B1CADA8CF2E0}
		{EB5B7F6A-AC2C-414A-8F03-16AC76275C2D} = {2C4660CF-D7D0-44E7-8998-DA5DF3575E6D}
		{AD5AFA47-F8CC-4620-BF8A-5637BED3BA40} = {7AAF1931-16C1-4F79-BCCD-332B774D3223}
		{C9E961CC-45E5-4C57-9275-7D27163D9C8B} = {2C4660CF-D7D0-44E7-8998-DA5DF3575E6D}
		{C9FAA964-22F5-4CED-B2A9-E3A52084453D} = {8A609C05-0214-4187-B7EF-B1CADA8CF2E0}
		{695ED280-AFE8-48E4-BD8A-058806BA5745} = {B6A62D81-BB03-4D59-834F-7D4916B97094}
		{35D2C566-ABF1-43E1-8F19-1EAB4E81772A} = {695ED280-AFE8-48E4-BD8A-058806BA5745}
		{F6D5B518-774D-41CC-AD76-A902D68531CB} = {695ED280-AFE8-48E4-BD8A-058806BA5745}
		{085A10C4-2D8A-4FED-B9C7-D5878426EAB4} = {695ED280-AFE8-48E4-BD8A-058806BA5745}
		{5E6C2002-1595-4324-9F3C-B4FA84FC008C} = {8A609C05-0214-4187-B7EF-B1CADA8CF2E0}
		{C2790CFB-5F4B-4762-93D5-C69B16A83C9A} = {27AAF7D4-CC18-49AF-91CD-E38478A03F5E}
		{34E706E9-888F-4A21-863F-18F0BDC3830F} = {2C4660CF-D7D0-44E7-8998-DA5DF3575E6D}
		{C44A8661-2D96-41BD-8CBE-BB8E1F0BF15D} = {7AAF1931-16C1-4F79-BCCD-332B774D3223}
		{9F1A9DF4-1D5A-499A-B494-047601F4B8BC} = {27AAF7D4-CC18-49AF-91CD-E38478A03F5E}
		{05996CB4-B384-4F96-B475-DCDD88393AA3} = {2C4660CF-D7D0-44E7-8998-DA5DF3575E6D}
	EndGlobalSection
	GlobalSection(ExtensibilityGlobals) = postSolution
		SolutionGuid = {981D0405-3008-4145-B708-5F559C811D64}
	EndGlobalSection
EndGlobal
